
Microsoft Visual Studio Solution File, Format Version 12.00
# Visual Studio Version 17
VisualStudioVersion = 17.3.32929.385
MinimumVisualStudioVersion = 10.0.40219.1
Project("{9A19103F-16F7-4668-BE54-9A1E7A4F7556}") = "TheNomad.EFCore.Api", "TheNomad.EFCore\TheNomad.EFCore.Api.csproj", "{4FB58733-33D7-453C-B80E-7EBC44F10D65}"
EndProject
Project("{9A19103F-16F7-4668-BE54-9A1E7A4F7556}") = "TheNomad.EFCore.Data", "TheNomad.EFCore.Data\TheNomad.EFCore.Data.csproj", "{83AA7D3D-6946-4FF9-B8E2-E98B0886E8C7}"
EndProject
Project("{9A19103F-16F7-4668-BE54-9A1E7A4F7556}") = "TheNomad.EFCore.Services", "TheNomad.EFCore.Services\TheNomad.EFCore.Services.csproj", "{E262CA47-D3CA-4DDD-A640-F92A0915E8FF}"
EndProject
Project("{9A19103F-16F7-4668-BE54-9A1E7A4F7556}") = "TheNomad.EFCore.Utils", "TheNomad.EFCore.Utils\TheNomad.EFCore.Utils.csproj", "{17567928-283D-445E-8D2A-B8405AF87C6F}"
EndProject
Global
	GlobalSection(SolutionConfigurationPlatforms) = preSolution
		Debug|Any CPU = Debug|Any CPU
		Release|Any CPU = Release|Any CPU
	EndGlobalSection
	GlobalSection(ProjectConfigurationPlatforms) = postSolution
		{4FB58733-33D7-453C-B80E-7EBC44F10D65}.Debug|Any CPU.ActiveCfg = Debug|Any CPU
		{4FB58733-33D7-453C-B80E-7EBC44F10D65}.Debug|Any CPU.Build.0 = Debug|Any CPU
		{4FB58733-33D7-453C-B80E-7EBC44F10D65}.Release|Any CPU.ActiveCfg = Release|Any CPU
		{4FB58733-33D7-453C-B80E-7EBC44F10D65}.Release|Any CPU.Build.0 = Release|Any CPU
		{83AA7D3D-6946-4FF9-B8E2-E98B0886E8C7}.Debug|Any CPU.ActiveCfg = Debug|Any CPU
		{83AA7D3D-6946-4FF9-B8E2-E98B0886E8C7}.Debug|Any CPU.Build.0 = Debug|Any CPU
		{83AA7D3D-6946-4FF9-B8E2-E98B0886E8C7}.Release|Any CPU.ActiveCfg = Release|Any CPU
		{83AA7D3D-6946-4FF9-B8E2-E98B0886E8C7}.Release|Any CPU.Build.0 = Release|Any CPU
		{E262CA47-D3CA-4DDD-A640-F92A0915E8FF}.Debug|Any CPU.ActiveCfg = Debug|Any CPU
		{E262CA47-D3CA-4DDD-A640-F92A0915E8FF}.Debug|Any CPU.Build.0 = Debug|Any CPU
		{E262CA47-D3CA-4DDD-A640-F92A0915E8FF}.Release|Any CPU.ActiveCfg = Release|Any CPU
		{E262CA47-D3CA-4DDD-A640-F92A0915E8FF}.Release|Any CPU.Build.0 = Release|Any CPU
		{17567928-283D-445E-8D2A-B8405AF87C6F}.Debug|Any CPU.ActiveCfg = Debug|Any CPU
		{17567928-283D-445E-8D2A-B8405AF87C6F}.Debug|Any CPU.Build.0 = Debug|Any CPU
		{17567928-283D-445E-8D2A-B8405AF87C6F}.Release|Any CPU.ActiveCfg = Release|Any CPU
		{17567928-283D-445E-8D2A-B8405AF87C6F}.Release|Any CPU.Build.0 = Release|Any CPU
	EndGlobalSection
	GlobalSection(SolutionProperties) = preSolution
		HideSolutionNode = FALSE
	EndGlobalSection
	GlobalSection(ExtensibilityGlobals) = postSolution
		SolutionGuid = {1EC79480-988B-45B4-AC97-B28663B1F984}
	EndGlobalSection
EndGlobal
